// !$*UTF8*$!
{
	archiveVersion = 1;
	classes = {
	};
	objectVersion = 50;
	objects = {

/* Begin PBXBuildFile section */
		22097AE027B0926B008C98DF /* HUDState.swift in Sources */ = {isa = PBXBuildFile; fileRef = 22097ADF27B0926B008C98DF /* HUDState.swift */; };
		220F07542789429700BCE994 /* LoginScreen.swift in Sources */ = {isa = PBXBuildFile; fileRef = 220F07532789429700BCE994 /* LoginScreen.swift */; };
		220F0757278942A100BCE994 /* LoginViewModel.swift in Sources */ = {isa = PBXBuildFile; fileRef = 220F0756278942A100BCE994 /* LoginViewModel.swift */; };
		220F0759278942C400BCE994 /* LAContext.swift in Sources */ = {isa = PBXBuildFile; fileRef = 220F0758278942C400BCE994 /* LAContext.swift */; };
		220F075B278942DA00BCE994 /* View.swift in Sources */ = {isa = PBXBuildFile; fileRef = 220F075A278942DA00BCE994 /* View.swift */; };
		220F075D278943F500BCE994 /* Data.swift in Sources */ = {isa = PBXBuildFile; fileRef = 220F075C278943F500BCE994 /* Data.swift */; };
		220F07602789447A00BCE994 /* KeyChainHelper.swift in Sources */ = {isa = PBXBuildFile; fileRef = 220F075F2789447900BCE994 /* KeyChainHelper.swift */; };
		220F07622789467200BCE994 /* KeyChainPropertyWrapper.swift in Sources */ = {isa = PBXBuildFile; fileRef = 220F07612789467200BCE994 /* KeyChainPropertyWrapper.swift */; };
		220F07692789F8A400BCE994 /* Constants.swift in Sources */ = {isa = PBXBuildFile; fileRef = 220F07682789F8A400BCE994 /* Constants.swift */; };
		2234FEDA27B080B400CE25F3 /* HUD.swift in Sources */ = {isa = PBXBuildFile; fileRef = 2234FED927B080B400CE25F3 /* HUD.swift */; };
		22366F4A27B59B3200AA637E /* PrivacySettingsView.swift in Sources */ = {isa = PBXBuildFile; fileRef = 22366F4927B59B3200AA637E /* PrivacySettingsView.swift */; };
		2242EE0E26765D7200003011 /* HomeViewModel.swift in Sources */ = {isa = PBXBuildFile; fileRef = 2242EDDE26765D7200003011 /* HomeViewModel.swift */; };
		2242EE0F26765D7200003011 /* HomeView.swift in Sources */ = {isa = PBXBuildFile; fileRef = 2242EDE026765D7200003011 /* HomeView.swift */; };
		2242EE1026765D7200003011 /* HomeStatisticView.swift in Sources */ = {isa = PBXBuildFile; fileRef = 2242EDE126765D7200003011 /* HomeStatisticView.swift */; };
		2242EE1126765D7200003011 /* CoinRowView.swift in Sources */ = {isa = PBXBuildFile; fileRef = 2242EDE226765D7200003011 /* CoinRowView.swift */; };
		2242EE1226765D7200003011 /* PortfolioView.swift in Sources */ = {isa = PBXBuildFile; fileRef = 2242EDE326765D7200003011 /* PortfolioView.swift */; };
		2242EE1326765D7200003011 /* StatisticView.swift in Sources */ = {isa = PBXBuildFile; fileRef = 2242EDE526765D7200003011 /* StatisticView.swift */; };
		2242EE1426765D7200003011 /* CircleButtonView.swift in Sources */ = {isa = PBXBuildFile; fileRef = 2242EDE726765D7200003011 /* CircleButtonView.swift */; };
		2242EE1526765D7200003011 /* CircleButtonAnimationView.swift in Sources */ = {isa = PBXBuildFile; fileRef = 2242EDE826765D7200003011 /* CircleButtonAnimationView.swift */; };
		2242EE1626765D7200003011 /* CoinLogoView.swift in Sources */ = {isa = PBXBuildFile; fileRef = 2242EDEA26765D7200003011 /* CoinLogoView.swift */; };
		2242EE1726765D7200003011 /* CoinImageViewModel.swift in Sources */ = {isa = PBXBuildFile; fileRef = 2242EDEB26765D7200003011 /* CoinImageViewModel.swift */; };
		2242EE1826765D7200003011 /* CoinImageView.swift in Sources */ = {isa = PBXBuildFile; fileRef = 2242EDEC26765D7200003011 /* CoinImageView.swift */; };
		2242EE1926765D7200003011 /* SearchBarView.swift in Sources */ = {isa = PBXBuildFile; fileRef = 2242EDED26765D7200003011 /* SearchBarView.swift */; };
		2242EE1A26765D7200003011 /* XMarkButton.swift in Sources */ = {isa = PBXBuildFile; fileRef = 2242EDEE26765D7200003011 /* XMarkButton.swift */; };
		2242EE1B26765D7200003011 /* DetailViewModel.swift in Sources */ = {isa = PBXBuildFile; fileRef = 2242EDF126765D7200003011 /* DetailViewModel.swift */; };
		2242EE1C26765D7200003011 /* DetailView.swift in Sources */ = {isa = PBXBuildFile; fileRef = 2242EDF326765D7200003011 /* DetailView.swift */; };
		2242EE1D26765D7200003011 /* Assets.xcassets in Resources */ = {isa = PBXBuildFile; fileRef = 2242EDF426765D7200003011 /* Assets.xcassets */; };
		2242EE1E26765D7200003011 /* PreviewProvider.swift in Sources */ = {isa = PBXBuildFile; fileRef = 2242EDF626765D7200003011 /* PreviewProvider.swift */; };
		2242EE1F26765D7200003011 /* String.swift in Sources */ = {isa = PBXBuildFile; fileRef = 2242EDF726765D7200003011 /* String.swift */; };
		2242EE2026765D7200003011 /* Double.swift in Sources */ = {isa = PBXBuildFile; fileRef = 2242EDF826765D7200003011 /* Double.swift */; };
		2242EE2126765D7200003011 /* UIApplication.swift in Sources */ = {isa = PBXBuildFile; fileRef = 2242EDF926765D7200003011 /* UIApplication.swift */; };
		2242EE2226765D7200003011 /* Color.swift in Sources */ = {isa = PBXBuildFile; fileRef = 2242EDFA26765D7200003011 /* Color.swift */; };
		2242EE2326765D7200003011 /* LocalFileManager.swift in Sources */ = {isa = PBXBuildFile; fileRef = 2242EDFC26765D7200003011 /* LocalFileManager.swift */; };
		2242EE2426765D7200003011 /* HapticManager.swift in Sources */ = {isa = PBXBuildFile; fileRef = 2242EDFD26765D7200003011 /* HapticManager.swift */; };
		2242EE2526765D7200003011 /* NetworkManager.swift in Sources */ = {isa = PBXBuildFile; fileRef = 2242EDFE26765D7200003011 /* NetworkManager.swift */; };
		2242EE2626765D7200003011 /* CoinModel.swift in Sources */ = {isa = PBXBuildFile; fileRef = 2242EE0026765D7200003011 /* CoinModel.swift */; };
		2242EE2726765D7200003011 /* MarketDataModel.swift in Sources */ = {isa = PBXBuildFile; fileRef = 2242EE0126765D7200003011 /* MarketDataModel.swift */; };
		2242EE2826765D7200003011 /* PortfolioContainer.xcdatamodeld in Sources */ = {isa = PBXBuildFile; fileRef = 2242EE0226765D7200003011 /* PortfolioContainer.xcdatamodeld */; };
		2242EE2926765D7200003011 /* StatisticModel.swift in Sources */ = {isa = PBXBuildFile; fileRef = 2242EE0426765D7200003011 /* StatisticModel.swift */; };
		2242EE2A26765D7200003011 /* CoinDetail.swift in Sources */ = {isa = PBXBuildFile; fileRef = 2242EE0526765D7200003011 /* CoinDetail.swift */; };
		2242EE2B26765D7200003011 /* CryptoApp.swift in Sources */ = {isa = PBXBuildFile; fileRef = 2242EE0626765D7200003011 /* CryptoApp.swift */; };
		2242EE2D26765D7200003011 /* CoinDataService.swift in Sources */ = {isa = PBXBuildFile; fileRef = 2242EE0926765D7200003011 /* CoinDataService.swift */; };
		2242EE2E26765D7200003011 /* CoinImageService.swift in Sources */ = {isa = PBXBuildFile; fileRef = 2242EE0A26765D7200003011 /* CoinImageService.swift */; };
		2242EE2F26765D7200003011 /* PortfolioDataService.swift in Sources */ = {isa = PBXBuildFile; fileRef = 2242EE0B26765D7200003011 /* PortfolioDataService.swift */; };
		2242EE3026765D7200003011 /* CoinDetailDataService.swift in Sources */ = {isa = PBXBuildFile; fileRef = 2242EE0C26765D7200003011 /* CoinDetailDataService.swift */; };
		2242EE3126765D7200003011 /* MarketDataService.swift in Sources */ = {isa = PBXBuildFile; fileRef = 2242EE0D26765D7200003011 /* MarketDataService.swift */; };
		22C9A13327B479440081A8DD /* ColorfulIconLabelStyle.swift in Sources */ = {isa = PBXBuildFile; fileRef = 22C9A13227B479440081A8DD /* ColorfulIconLabelStyle.swift */; };
		22E3C5E62677B04800FFF3BF /* ChartView.swift in Sources */ = {isa = PBXBuildFile; fileRef = 22E3C5E52677B04800FFF3BF /* ChartView.swift */; };
		22E3C5E82677B87200FFF3BF /* Date.swift in Sources */ = {isa = PBXBuildFile; fileRef = 22E3C5E72677B87200FFF3BF /* Date.swift */; };
		22E5256327B4733D002AE7DB /* SettingsViewModel.swift in Sources */ = {isa = PBXBuildFile; fileRef = 22E5256227B4733D002AE7DB /* SettingsViewModel.swift */; };
		22E5256527B47382002AE7DB /* SettingsView.swift in Sources */ = {isa = PBXBuildFile; fileRef = 22E5256427B47382002AE7DB /* SettingsView.swift */; };
		22F421B7268668F400C2D8BF /* AppInfoView.swift in Sources */ = {isa = PBXBuildFile; fileRef = 22F421B6268668F400C2D8BF /* AppInfoView.swift */; };
		22F9A07F26E521C30059BC1C /* LaunchScreen.storyboard in Resources */ = {isa = PBXBuildFile; fileRef = 22F9A07E26E521C30059BC1C /* LaunchScreen.storyboard */; };
		22F9A08126E522E00059BC1C /* LaunchView.swift in Sources */ = {isa = PBXBuildFile; fileRef = 22F9A08026E522E00059BC1C /* LaunchView.swift */; };
		33240DD8497C1F4CAAC5E7ED /* RootView.swift in Sources */ = {isa = PBXBuildFile; fileRef = 3324024CA13E172C9EFE0379 /* RootView.swift */; };
/* End PBXBuildFile section */

/* Begin PBXFileReference section */
		22097ADF27B0926B008C98DF /* HUDState.swift */ = {isa = PBXFileReference; lastKnownFileType = sourcecode.swift; path = HUDState.swift; sourceTree = "<group>"; };
		220F07532789429700BCE994 /* LoginScreen.swift */ = {isa = PBXFileReference; fileEncoding = 4; lastKnownFileType = sourcecode.swift; path = LoginScreen.swift; sourceTree = "<group>"; };
		220F0756278942A100BCE994 /* LoginViewModel.swift */ = {isa = PBXFileReference; fileEncoding = 4; lastKnownFileType = sourcecode.swift; path = LoginViewModel.swift; sourceTree = "<group>"; };
		220F0758278942C400BCE994 /* LAContext.swift */ = {isa = PBXFileReference; fileEncoding = 4; lastKnownFileType = sourcecode.swift; path = LAContext.swift; sourceTree = "<group>"; };
		220F075A278942DA00BCE994 /* View.swift */ = {isa = PBXFileReference; fileEncoding = 4; lastKnownFileType = sourcecode.swift; path = View.swift; sourceTree = "<group>"; };
		220F075C278943F500BCE994 /* Data.swift */ = {isa = PBXFileReference; lastKnownFileType = sourcecode.swift; path = Data.swift; sourceTree = "<group>"; };
		220F075F2789447900BCE994 /* KeyChainHelper.swift */ = {isa = PBXFileReference; lastKnownFileType = sourcecode.swift; path = KeyChainHelper.swift; sourceTree = "<group>"; };
		220F07612789467200BCE994 /* KeyChainPropertyWrapper.swift */ = {isa = PBXFileReference; lastKnownFileType = sourcecode.swift; path = KeyChainPropertyWrapper.swift; sourceTree = "<group>"; };
		220F07682789F8A400BCE994 /* Constants.swift */ = {isa = PBXFileReference; lastKnownFileType = sourcecode.swift; path = Constants.swift; sourceTree = "<group>"; };
		2234FED927B080B400CE25F3 /* HUD.swift */ = {isa = PBXFileReference; lastKnownFileType = sourcecode.swift; path = HUD.swift; sourceTree = "<group>"; };
		22366F4927B59B3200AA637E /* PrivacySettingsView.swift */ = {isa = PBXFileReference; lastKnownFileType = sourcecode.swift; path = PrivacySettingsView.swift; sourceTree = "<group>"; };
		2242EDDE26765D7200003011 /* HomeViewModel.swift */ = {isa = PBXFileReference; fileEncoding = 4; lastKnownFileType = sourcecode.swift; path = HomeViewModel.swift; sourceTree = "<group>"; };
		2242EDE026765D7200003011 /* HomeView.swift */ = {isa = PBXFileReference; fileEncoding = 4; lastKnownFileType = sourcecode.swift; path = HomeView.swift; sourceTree = "<group>"; };
		2242EDE126765D7200003011 /* HomeStatisticView.swift */ = {isa = PBXFileReference; fileEncoding = 4; lastKnownFileType = sourcecode.swift; path = HomeStatisticView.swift; sourceTree = "<group>"; };
		2242EDE226765D7200003011 /* CoinRowView.swift */ = {isa = PBXFileReference; fileEncoding = 4; lastKnownFileType = sourcecode.swift; path = CoinRowView.swift; sourceTree = "<group>"; };
		2242EDE326765D7200003011 /* PortfolioView.swift */ = {isa = PBXFileReference; fileEncoding = 4; lastKnownFileType = sourcecode.swift; path = PortfolioView.swift; sourceTree = "<group>"; };
		2242EDE526765D7200003011 /* StatisticView.swift */ = {isa = PBXFileReference; fileEncoding = 4; lastKnownFileType = sourcecode.swift; path = StatisticView.swift; sourceTree = "<group>"; };
		2242EDE726765D7200003011 /* CircleButtonView.swift */ = {isa = PBXFileReference; fileEncoding = 4; lastKnownFileType = sourcecode.swift; path = CircleButtonView.swift; sourceTree = "<group>"; };
		2242EDE826765D7200003011 /* CircleButtonAnimationView.swift */ = {isa = PBXFileReference; fileEncoding = 4; lastKnownFileType = sourcecode.swift; path = CircleButtonAnimationView.swift; sourceTree = "<group>"; };
		2242EDEA26765D7200003011 /* CoinLogoView.swift */ = {isa = PBXFileReference; fileEncoding = 4; lastKnownFileType = sourcecode.swift; path = CoinLogoView.swift; sourceTree = "<group>"; };
		2242EDEB26765D7200003011 /* CoinImageViewModel.swift */ = {isa = PBXFileReference; fileEncoding = 4; lastKnownFileType = sourcecode.swift; path = CoinImageViewModel.swift; sourceTree = "<group>"; };
		2242EDEC26765D7200003011 /* CoinImageView.swift */ = {isa = PBXFileReference; fileEncoding = 4; lastKnownFileType = sourcecode.swift; path = CoinImageView.swift; sourceTree = "<group>"; };
		2242EDED26765D7200003011 /* SearchBarView.swift */ = {isa = PBXFileReference; fileEncoding = 4; lastKnownFileType = sourcecode.swift; path = SearchBarView.swift; sourceTree = "<group>"; };
		2242EDEE26765D7200003011 /* XMarkButton.swift */ = {isa = PBXFileReference; fileEncoding = 4; lastKnownFileType = sourcecode.swift; path = XMarkButton.swift; sourceTree = "<group>"; };
		2242EDF126765D7200003011 /* DetailViewModel.swift */ = {isa = PBXFileReference; fileEncoding = 4; lastKnownFileType = sourcecode.swift; path = DetailViewModel.swift; sourceTree = "<group>"; };
		2242EDF326765D7200003011 /* DetailView.swift */ = {isa = PBXFileReference; fileEncoding = 4; lastKnownFileType = sourcecode.swift; path = DetailView.swift; sourceTree = "<group>"; };
		2242EDF426765D7200003011 /* Assets.xcassets */ = {isa = PBXFileReference; lastKnownFileType = folder.assetcatalog; path = Assets.xcassets; sourceTree = "<group>"; };
		2242EDF626765D7200003011 /* PreviewProvider.swift */ = {isa = PBXFileReference; fileEncoding = 4; lastKnownFileType = sourcecode.swift; path = PreviewProvider.swift; sourceTree = "<group>"; };
		2242EDF726765D7200003011 /* String.swift */ = {isa = PBXFileReference; fileEncoding = 4; lastKnownFileType = sourcecode.swift; path = String.swift; sourceTree = "<group>"; };
		2242EDF826765D7200003011 /* Double.swift */ = {isa = PBXFileReference; fileEncoding = 4; lastKnownFileType = sourcecode.swift; path = Double.swift; sourceTree = "<group>"; };
		2242EDF926765D7200003011 /* UIApplication.swift */ = {isa = PBXFileReference; fileEncoding = 4; lastKnownFileType = sourcecode.swift; path = UIApplication.swift; sourceTree = "<group>"; };
		2242EDFA26765D7200003011 /* Color.swift */ = {isa = PBXFileReference; fileEncoding = 4; lastKnownFileType = sourcecode.swift; path = Color.swift; sourceTree = "<group>"; };
		2242EDFC26765D7200003011 /* LocalFileManager.swift */ = {isa = PBXFileReference; fileEncoding = 4; lastKnownFileType = sourcecode.swift; path = LocalFileManager.swift; sourceTree = "<group>"; };
		2242EDFD26765D7200003011 /* HapticManager.swift */ = {isa = PBXFileReference; fileEncoding = 4; lastKnownFileType = sourcecode.swift; path = HapticManager.swift; sourceTree = "<group>"; };
		2242EDFE26765D7200003011 /* NetworkManager.swift */ = {isa = PBXFileReference; fileEncoding = 4; lastKnownFileType = sourcecode.swift; path = NetworkManager.swift; sourceTree = "<group>"; };
		2242EE0026765D7200003011 /* CoinModel.swift */ = {isa = PBXFileReference; fileEncoding = 4; lastKnownFileType = sourcecode.swift; path = CoinModel.swift; sourceTree = "<group>"; };
		2242EE0126765D7200003011 /* MarketDataModel.swift */ = {isa = PBXFileReference; fileEncoding = 4; lastKnownFileType = sourcecode.swift; path = MarketDataModel.swift; sourceTree = "<group>"; };
		2242EE0326765D7200003011 /* PortfolioContainer.xcdatamodel */ = {isa = PBXFileReference; lastKnownFileType = wrapper.xcdatamodel; path = PortfolioContainer.xcdatamodel; sourceTree = "<group>"; };
		2242EE0426765D7200003011 /* StatisticModel.swift */ = {isa = PBXFileReference; fileEncoding = 4; lastKnownFileType = sourcecode.swift; path = StatisticModel.swift; sourceTree = "<group>"; };
		2242EE0526765D7200003011 /* CoinDetail.swift */ = {isa = PBXFileReference; fileEncoding = 4; lastKnownFileType = sourcecode.swift; path = CoinDetail.swift; sourceTree = "<group>"; };
		2242EE0626765D7200003011 /* CryptoApp.swift */ = {isa = PBXFileReference; fileEncoding = 4; lastKnownFileType = sourcecode.swift; path = CryptoApp.swift; sourceTree = "<group>"; };
		2242EE0726765D7200003011 /* Info.plist */ = {isa = PBXFileReference; fileEncoding = 4; lastKnownFileType = text.plist.xml; path = Info.plist; sourceTree = "<group>"; };
		2242EE0926765D7200003011 /* CoinDataService.swift */ = {isa = PBXFileReference; fileEncoding = 4; lastKnownFileType = sourcecode.swift; path = CoinDataService.swift; sourceTree = "<group>"; };
		2242EE0A26765D7200003011 /* CoinImageService.swift */ = {isa = PBXFileReference; fileEncoding = 4; lastKnownFileType = sourcecode.swift; path = CoinImageService.swift; sourceTree = "<group>"; };
		2242EE0B26765D7200003011 /* PortfolioDataService.swift */ = {isa = PBXFileReference; fileEncoding = 4; lastKnownFileType = sourcecode.swift; path = PortfolioDataService.swift; sourceTree = "<group>"; };
		2242EE0C26765D7200003011 /* CoinDetailDataService.swift */ = {isa = PBXFileReference; fileEncoding = 4; lastKnownFileType = sourcecode.swift; path = CoinDetailDataService.swift; sourceTree = "<group>"; };
		2242EE0D26765D7200003011 /* MarketDataService.swift */ = {isa = PBXFileReference; fileEncoding = 4; lastKnownFileType = sourcecode.swift; path = MarketDataService.swift; sourceTree = "<group>"; };
		22560771265D5E77008D47F5 /* CryptoApp .app */ = {isa = PBXFileReference; explicitFileType = wrapper.application; includeInIndex = 0; path = "CryptoApp .app"; sourceTree = BUILT_PRODUCTS_DIR; };
		22C9A13227B479440081A8DD /* ColorfulIconLabelStyle.swift */ = {isa = PBXFileReference; lastKnownFileType = sourcecode.swift; path = ColorfulIconLabelStyle.swift; sourceTree = "<group>"; };
		22E3C5E52677B04800FFF3BF /* ChartView.swift */ = {isa = PBXFileReference; lastKnownFileType = sourcecode.swift; path = ChartView.swift; sourceTree = "<group>"; };
		22E3C5E72677B87200FFF3BF /* Date.swift */ = {isa = PBXFileReference; lastKnownFileType = sourcecode.swift; path = Date.swift; sourceTree = "<group>"; };
		22E5256227B4733D002AE7DB /* SettingsViewModel.swift */ = {isa = PBXFileReference; lastKnownFileType = sourcecode.swift; path = SettingsViewModel.swift; sourceTree = "<group>"; };
		22E5256427B47382002AE7DB /* SettingsView.swift */ = {isa = PBXFileReference; lastKnownFileType = sourcecode.swift; path = SettingsView.swift; sourceTree = "<group>"; };
		22F421B6268668F400C2D8BF /* AppInfoView.swift */ = {isa = PBXFileReference; lastKnownFileType = sourcecode.swift; path = AppInfoView.swift; sourceTree = "<group>"; };
		22F9A07E26E521C30059BC1C /* LaunchScreen.storyboard */ = {isa = PBXFileReference; lastKnownFileType = file.storyboard; path = LaunchScreen.storyboard; sourceTree = "<group>"; };
		22F9A08026E522E00059BC1C /* LaunchView.swift */ = {isa = PBXFileReference; lastKnownFileType = sourcecode.swift; path = LaunchView.swift; sourceTree = "<group>"; };
		3324024CA13E172C9EFE0379 /* RootView.swift */ = {isa = PBXFileReference; fileEncoding = 4; lastKnownFileType = sourcecode.swift; path = RootView.swift; sourceTree = "<group>"; };
/* End PBXFileReference section */

/* Begin PBXFrameworksBuildPhase section */
		2256076E265D5E77008D47F5 /* Frameworks */ = {
			isa = PBXFrameworksBuildPhase;
			buildActionMask = 2147483647;
			files = (
			);
			runOnlyForDeploymentPostprocessing = 0;
		};
/* End PBXFrameworksBuildPhase section */

/* Begin PBXGroup section */
		220F0755278942A100BCE994 /* ViewModel */ = {
			isa = PBXGroup;
			children = (
				220F0756278942A100BCE994 /* LoginViewModel.swift */,
			);
			path = ViewModel;
			sourceTree = "<group>";
		};
		220F075E2789446D00BCE994 /* KeyChain */ = {
			isa = PBXGroup;
			children = (
				220F075F2789447900BCE994 /* KeyChainHelper.swift */,
				220F07612789467200BCE994 /* KeyChainPropertyWrapper.swift */,
			);
			path = KeyChain;
			sourceTree = "<group>";
		};
		2242EDDA26765D7200003011 /* CryptoApp */ = {
			isa = PBXGroup;
			children = (
				2242EE0626765D7200003011 /* CryptoApp.swift */,
				220F07682789F8A400BCE994 /* Constants.swift */,
				22C9A13127B4792D0081A8DD /* Styles */,
				2242EDF526765D7200003011 /* Extensions */,
				2242EDFB26765D7200003011 /* Utilities */,
				2242EE0826765D7200003011 /* Services */,
				2242EDDB26765D7200003011 /* Core */,
				2242EDFF26765D7200003011 /* Model */,
				2242EE0726765D7200003011 /* Info.plist */,
				2242EDF426765D7200003011 /* Assets.xcassets */,
				3324024CA13E172C9EFE0379 /* RootView.swift */,
			);
			path = CryptoApp;
			sourceTree = "<group>";
		};
		2242EDDB26765D7200003011 /* Core */ = {
			isa = PBXGroup;
			children = (
				2242EDDC26765D7200003011 /* Home */,
				2242EDEF26765D7200003011 /* Detail */,
				22F421B42686689900C2D8BF /* AppInfo */,
				22E5255F27B47321002AE7DB /* Settings */,
				22F9A07926E51FD00059BC1C /* Launch */,
				2242EDE426765D7200003011 /* Components */,
			);
			path = Core;
			sourceTree = "<group>";
		};
		2242EDDC26765D7200003011 /* Home */ = {
			isa = PBXGroup;
			children = (
				2242EDDD26765D7200003011 /* ViewModel */,
				2242EDDF26765D7200003011 /* View */,
			);
			path = Home;
			sourceTree = "<group>";
		};
		2242EDDD26765D7200003011 /* ViewModel */ = {
			isa = PBXGroup;
			children = (
				2242EDDE26765D7200003011 /* HomeViewModel.swift */,
			);
			path = ViewModel;
			sourceTree = "<group>";
		};
		2242EDDF26765D7200003011 /* View */ = {
			isa = PBXGroup;
			children = (
				2242EDE026765D7200003011 /* HomeView.swift */,
				2242EDE126765D7200003011 /* HomeStatisticView.swift */,
				2242EDE226765D7200003011 /* CoinRowView.swift */,
				2242EDE326765D7200003011 /* PortfolioView.swift */,
			);
			path = View;
			sourceTree = "<group>";
		};
		2242EDE426765D7200003011 /* Components */ = {
			isa = PBXGroup;
			children = (
				224C488627B073C800D877A3 /* HUD */,
				2242EDE526765D7200003011 /* StatisticView.swift */,
				2242EDE626765D7200003011 /* CircleButton */,
				2242EDE926765D7200003011 /* CoinImage */,
				2242EDED26765D7200003011 /* SearchBarView.swift */,
				2242EDEE26765D7200003011 /* XMarkButton.swift */,
			);
			path = Components;
			sourceTree = "<group>";
		};
		2242EDE626765D7200003011 /* CircleButton */ = {
			isa = PBXGroup;
			children = (
				2242EDE726765D7200003011 /* CircleButtonView.swift */,
				2242EDE826765D7200003011 /* CircleButtonAnimationView.swift */,
			);
			path = CircleButton;
			sourceTree = "<group>";
		};
		2242EDE926765D7200003011 /* CoinImage */ = {
			isa = PBXGroup;
			children = (
				2242EDEA26765D7200003011 /* CoinLogoView.swift */,
				2242EDEB26765D7200003011 /* CoinImageViewModel.swift */,
				2242EDEC26765D7200003011 /* CoinImageView.swift */,
			);
			path = CoinImage;
			sourceTree = "<group>";
		};
		2242EDEF26765D7200003011 /* Detail */ = {
			isa = PBXGroup;
			children = (
				2242EDF026765D7200003011 /* ViewModel */,
				2242EDF226765D7200003011 /* View */,
			);
			path = Detail;
			sourceTree = "<group>";
		};
		2242EDF026765D7200003011 /* ViewModel */ = {
			isa = PBXGroup;
			children = (
				2242EDF126765D7200003011 /* DetailViewModel.swift */,
			);
			path = ViewModel;
			sourceTree = "<group>";
		};
		2242EDF226765D7200003011 /* View */ = {
			isa = PBXGroup;
			children = (
				2242EDF326765D7200003011 /* DetailView.swift */,
				22E3C5E52677B04800FFF3BF /* ChartView.swift */,
			);
			path = View;
			sourceTree = "<group>";
		};
		2242EDF526765D7200003011 /* Extensions */ = {
			isa = PBXGroup;
			children = (
				2242EDF626765D7200003011 /* PreviewProvider.swift */,
				2242EDF726765D7200003011 /* String.swift */,
				2242EDF826765D7200003011 /* Double.swift */,
				220F0758278942C400BCE994 /* LAContext.swift */,
				2242EDF926765D7200003011 /* UIApplication.swift */,
				2242EDFA26765D7200003011 /* Color.swift */,
				22E3C5E72677B87200FFF3BF /* Date.swift */,
				220F075A278942DA00BCE994 /* View.swift */,
				220F075C278943F500BCE994 /* Data.swift */,
			);
			path = Extensions;
			sourceTree = "<group>";
		};
		2242EDFB26765D7200003011 /* Utilities */ = {
			isa = PBXGroup;
			children = (
				220F075E2789446D00BCE994 /* KeyChain */,
				2242EDFC26765D7200003011 /* LocalFileManager.swift */,
				2242EDFD26765D7200003011 /* HapticManager.swift */,
				2242EDFE26765D7200003011 /* NetworkManager.swift */,
			);
			path = Utilities;
			sourceTree = "<group>";
		};
		2242EDFF26765D7200003011 /* Model */ = {
			isa = PBXGroup;
			children = (
				2242EE0026765D7200003011 /* CoinModel.swift */,
				2242EE0126765D7200003011 /* MarketDataModel.swift */,
				2242EE0226765D7200003011 /* PortfolioContainer.xcdatamodeld */,
				2242EE0426765D7200003011 /* StatisticModel.swift */,
				2242EE0526765D7200003011 /* CoinDetail.swift */,
			);
			path = Model;
			sourceTree = "<group>";
		};
		2242EE0826765D7200003011 /* Services */ = {
			isa = PBXGroup;
			children = (
				2242EE0926765D7200003011 /* CoinDataService.swift */,
				2242EE0A26765D7200003011 /* CoinImageService.swift */,
				2242EE0B26765D7200003011 /* PortfolioDataService.swift */,
				2242EE0C26765D7200003011 /* CoinDetailDataService.swift */,
				2242EE0D26765D7200003011 /* MarketDataService.swift */,
			);
			path = Services;
			sourceTree = "<group>";
		};
		224C488627B073C800D877A3 /* HUD */ = {
			isa = PBXGroup;
			children = (
				2234FED927B080B400CE25F3 /* HUD.swift */,
				22097ADF27B0926B008C98DF /* HUDState.swift */,
			);
			path = HUD;
			sourceTree = "<group>";
		};
		22560768265D5E77008D47F5 = {
			isa = PBXGroup;
			children = (
				2242EDDA26765D7200003011 /* CryptoApp */,
				22560772265D5E77008D47F5 /* Products */,
			);
			sourceTree = "<group>";
		};
		22560772265D5E77008D47F5 /* Products */ = {
			isa = PBXGroup;
			children = (
				22560771265D5E77008D47F5 /* CryptoApp .app */,
			);
			name = Products;
			sourceTree = "<group>";
		};
		22C9A13127B4792D0081A8DD /* Styles */ = {
			isa = PBXGroup;
			children = (
				22C9A13227B479440081A8DD /* ColorfulIconLabelStyle.swift */,
			);
			path = Styles;
			sourceTree = "<group>";
		};
		22C9A13427B47A300081A8DD /* SubViews */ = {
			isa = PBXGroup;
			children = (
				22366F4927B59B3200AA637E /* PrivacySettingsView.swift */,
			);
			path = SubViews;
			sourceTree = "<group>";
		};
		22E5255F27B47321002AE7DB /* Settings */ = {
			isa = PBXGroup;
			children = (
				22E5256127B47333002AE7DB /* ViewModel */,
				22E5256027B4732E002AE7DB /* View */,
			);
			path = Settings;
			sourceTree = "<group>";
		};
		22E5256027B4732E002AE7DB /* View */ = {
			isa = PBXGroup;
			children = (
				22C9A13427B47A300081A8DD /* SubViews */,
				22E5256427B47382002AE7DB /* SettingsView.swift */,
			);
			path = View;
			sourceTree = "<group>";
		};
		22E5256127B47333002AE7DB /* ViewModel */ = {
			isa = PBXGroup;
			children = (
				22E5256227B4733D002AE7DB /* SettingsViewModel.swift */,
			);
			path = ViewModel;
			sourceTree = "<group>";
		};
		22F421B42686689900C2D8BF /* AppInfo */ = {
			isa = PBXGroup;
			children = (
				22F421B5268668A200C2D8BF /* View */,
			);
			path = AppInfo;
			sourceTree = "<group>";
		};
		22F421B5268668A200C2D8BF /* View */ = {
			isa = PBXGroup;
			children = (
				22F421B6268668F400C2D8BF /* AppInfoView.swift */,
			);
			path = View;
			sourceTree = "<group>";
		};
		22F9A07926E51FD00059BC1C /* Launch */ = {
			isa = PBXGroup;
			children = (
				22F9A07A26E51FF30059BC1C /* View */,
				220F0755278942A100BCE994 /* ViewModel */,
			);
			path = Launch;
			sourceTree = "<group>";
		};
		22F9A07A26E51FF30059BC1C /* View */ = {
			isa = PBXGroup;
			children = (
				22F9A07E26E521C30059BC1C /* LaunchScreen.storyboard */,
				22F9A08026E522E00059BC1C /* LaunchView.swift */,
				220F07532789429700BCE994 /* LoginScreen.swift */,
			);
			path = View;
			sourceTree = "<group>";
		};
/* End PBXGroup section */

/* Begin PBXNativeTarget section */
		22560770265D5E77008D47F5 /* CryptoApp */ = {
			isa = PBXNativeTarget;
			buildConfigurationList = 22560780265D5E78008D47F5 /* Build configuration list for PBXNativeTarget "CryptoApp" */;
			buildPhases = (
				2256076D265D5E77008D47F5 /* Sources */,
				2256076E265D5E77008D47F5 /* Frameworks */,
				2256076F265D5E77008D47F5 /* Resources */,
			);
			buildRules = (
			);
			dependencies = (
			);
			name = CryptoApp;
			productName = CryptoApp;
			productReference = 22560771265D5E77008D47F5 /* CryptoApp .app */;
			productType = "com.apple.product-type.application";
		};
/* End PBXNativeTarget section */

/* Begin PBXProject section */
		22560769265D5E77008D47F5 /* Project object */ = {
			isa = PBXProject;
			attributes = {
				LastSwiftUpdateCheck = 1250;
				LastUpgradeCheck = 1250;
				TargetAttributes = {
					22560770265D5E77008D47F5 = {
						CreatedOnToolsVersion = 12.5;
					};
				};
			};
			buildConfigurationList = 2256076C265D5E77008D47F5 /* Build configuration list for PBXProject "CryptoApp" */;
			compatibilityVersion = "Xcode 9.3";
			developmentRegion = en;
			hasScannedForEncodings = 0;
			knownRegions = (
				en,
				Base,
			);
			mainGroup = 22560768265D5E77008D47F5;
			productRefGroup = 22560772265D5E77008D47F5 /* Products */;
			projectDirPath = "";
			projectRoot = "";
			targets = (
				22560770265D5E77008D47F5 /* CryptoApp */,
			);
		};
/* End PBXProject section */

/* Begin PBXResourcesBuildPhase section */
		2256076F265D5E77008D47F5 /* Resources */ = {
			isa = PBXResourcesBuildPhase;
			buildActionMask = 2147483647;
			files = (
				2242EE1D26765D7200003011 /* Assets.xcassets in Resources */,
				22F9A07F26E521C30059BC1C /* LaunchScreen.storyboard in Resources */,
			);
			runOnlyForDeploymentPostprocessing = 0;
		};
/* End PBXResourcesBuildPhase section */

/* Begin PBXSourcesBuildPhase section */
		2256076D265D5E77008D47F5 /* Sources */ = {
			isa = PBXSourcesBuildPhase;
			buildActionMask = 2147483647;
			files = (
				2234FEDA27B080B400CE25F3 /* HUD.swift in Sources */,
				2242EE2526765D7200003011 /* NetworkManager.swift in Sources */,
				2242EE1126765D7200003011 /* CoinRowView.swift in Sources */,
				2242EE1326765D7200003011 /* StatisticView.swift in Sources */,
				22E3C5E62677B04800FFF3BF /* ChartView.swift in Sources */,
				22097AE027B0926B008C98DF /* HUDState.swift in Sources */,
				2242EE1426765D7200003011 /* CircleButtonView.swift in Sources */,
				2242EE2626765D7200003011 /* CoinModel.swift in Sources */,
				22F421B7268668F400C2D8BF /* AppInfoView.swift in Sources */,
				22F9A08126E522E00059BC1C /* LaunchView.swift in Sources */,
				2242EE1A26765D7200003011 /* XMarkButton.swift in Sources */,
				22E3C5E82677B87200FFF3BF /* Date.swift in Sources */,
				2242EE2B26765D7200003011 /* CryptoApp.swift in Sources */,
				2242EE2E26765D7200003011 /* CoinImageService.swift in Sources */,
				2242EE1526765D7200003011 /* CircleButtonAnimationView.swift in Sources */,
				22E5256527B47382002AE7DB /* SettingsView.swift in Sources */,
				2242EE3126765D7200003011 /* MarketDataService.swift in Sources */,
				2242EE2926765D7200003011 /* StatisticModel.swift in Sources */,
				2242EE1926765D7200003011 /* SearchBarView.swift in Sources */,
				2242EE1826765D7200003011 /* CoinImageView.swift in Sources */,
				2242EE1226765D7200003011 /* PortfolioView.swift in Sources */,
				2242EE2426765D7200003011 /* HapticManager.swift in Sources */,
				2242EE2126765D7200003011 /* UIApplication.swift in Sources */,
				2242EE1726765D7200003011 /* CoinImageViewModel.swift in Sources */,
				220F07692789F8A400BCE994 /* Constants.swift in Sources */,
				22C9A13327B479440081A8DD /* ColorfulIconLabelStyle.swift in Sources */,
				2242EE1B26765D7200003011 /* DetailViewModel.swift in Sources */,
				2242EE1026765D7200003011 /* HomeStatisticView.swift in Sources */,
				2242EE0E26765D7200003011 /* HomeViewModel.swift in Sources */,
				2242EE2D26765D7200003011 /* CoinDataService.swift in Sources */,
				2242EE2226765D7200003011 /* Color.swift in Sources */,
				220F075B278942DA00BCE994 /* View.swift in Sources */,
				220F07602789447A00BCE994 /* KeyChainHelper.swift in Sources */,
				220F07542789429700BCE994 /* LoginScreen.swift in Sources */,
				220F075D278943F500BCE994 /* Data.swift in Sources */,
				2242EE0F26765D7200003011 /* HomeView.swift in Sources */,
				22E5256327B4733D002AE7DB /* SettingsViewModel.swift in Sources */,
				220F0757278942A100BCE994 /* LoginViewModel.swift in Sources */,
				2242EE1E26765D7200003011 /* PreviewProvider.swift in Sources */,
				2242EE1F26765D7200003011 /* String.swift in Sources */,
				2242EE1C26765D7200003011 /* DetailView.swift in Sources */,
				2242EE2026765D7200003011 /* Double.swift in Sources */,
				220F0759278942C400BCE994 /* LAContext.swift in Sources */,
				2242EE2A26765D7200003011 /* CoinDetail.swift in Sources */,
				2242EE2826765D7200003011 /* PortfolioContainer.xcdatamodeld in Sources */,
				2242EE1626765D7200003011 /* CoinLogoView.swift in Sources */,
				2242EE3026765D7200003011 /* CoinDetailDataService.swift in Sources */,
				220F07622789467200BCE994 /* KeyChainPropertyWrapper.swift in Sources */,
				22366F4A27B59B3200AA637E /* PrivacySettingsView.swift in Sources */,
				2242EE2726765D7200003011 /* MarketDataModel.swift in Sources */,
				2242EE2F26765D7200003011 /* PortfolioDataService.swift in Sources */,
				2242EE2326765D7200003011 /* LocalFileManager.swift in Sources */,
				33240DD8497C1F4CAAC5E7ED /* RootView.swift in Sources */,
			);
			runOnlyForDeploymentPostprocessing = 0;
		};
/* End PBXSourcesBuildPhase section */

/* Begin XCBuildConfiguration section */
		2256077E265D5E78008D47F5 /* Debug */ = {
			isa = XCBuildConfiguration;
			buildSettings = {
				ALWAYS_SEARCH_USER_PATHS = NO;
				CLANG_ANALYZER_NONNULL = YES;
				CLANG_ANALYZER_NUMBER_OBJECT_CONVERSION = YES_AGGRESSIVE;
				CLANG_CXX_LANGUAGE_STANDARD = "gnu++14";
				CLANG_CXX_LIBRARY = "libc++";
				CLANG_ENABLE_MODULES = YES;
				CLANG_ENABLE_OBJC_ARC = YES;
				CLANG_ENABLE_OBJC_WEAK = YES;
				CLANG_WARN_BLOCK_CAPTURE_AUTORELEASING = YES;
				CLANG_WARN_BOOL_CONVERSION = YES;
				CLANG_WARN_COMMA = YES;
				CLANG_WARN_CONSTANT_CONVERSION = YES;
				CLANG_WARN_DEPRECATED_OBJC_IMPLEMENTATIONS = YES;
				CLANG_WARN_DIRECT_OBJC_ISA_USAGE = YES_ERROR;
				CLANG_WARN_DOCUMENTATION_COMMENTS = YES;
				CLANG_WARN_EMPTY_BODY = YES;
				CLANG_WARN_ENUM_CONVERSION = YES;
				CLANG_WARN_INFINITE_RECURSION = YES;
				CLANG_WARN_INT_CONVERSION = YES;
				CLANG_WARN_NON_LITERAL_NULL_CONVERSION = YES;
				CLANG_WARN_OBJC_IMPLICIT_RETAIN_SELF = YES;
				CLANG_WARN_OBJC_LITERAL_CONVERSION = YES;
				CLANG_WARN_OBJC_ROOT_CLASS = YES_ERROR;
				CLANG_WARN_QUOTED_INCLUDE_IN_FRAMEWORK_HEADER = YES;
				CLANG_WARN_RANGE_LOOP_ANALYSIS = YES;
				CLANG_WARN_STRICT_PROTOTYPES = YES;
				CLANG_WARN_SUSPICIOUS_MOVE = YES;
				CLANG_WARN_UNGUARDED_AVAILABILITY = YES_AGGRESSIVE;
				CLANG_WARN_UNREACHABLE_CODE = YES;
				CLANG_WARN__DUPLICATE_METHOD_MATCH = YES;
				COPY_PHASE_STRIP = NO;
				DEBUG_INFORMATION_FORMAT = dwarf;
				ENABLE_STRICT_OBJC_MSGSEND = YES;
				ENABLE_TESTABILITY = YES;
				GCC_C_LANGUAGE_STANDARD = gnu11;
				GCC_DYNAMIC_NO_PIC = NO;
				GCC_NO_COMMON_BLOCKS = YES;
				GCC_OPTIMIZATION_LEVEL = 0;
				GCC_PREPROCESSOR_DEFINITIONS = (
					"DEBUG=1",
					"$(inherited)",
				);
				GCC_WARN_64_TO_32_BIT_CONVERSION = YES;
				GCC_WARN_ABOUT_RETURN_TYPE = YES_ERROR;
				GCC_WARN_UNDECLARED_SELECTOR = YES;
				GCC_WARN_UNINITIALIZED_AUTOS = YES_AGGRESSIVE;
				GCC_WARN_UNUSED_FUNCTION = YES;
				GCC_WARN_UNUSED_VARIABLE = YES;
				IPHONEOS_DEPLOYMENT_TARGET = 13.0;
				MTL_ENABLE_DEBUG_INFO = INCLUDE_SOURCE;
				MTL_FAST_MATH = YES;
				ONLY_ACTIVE_ARCH = YES;
				OTHER_LDFLAGS = (
					"\"-Xlinker -interposable\"",
				);
				PRODUCT_NAME = CryptoApp;
				SDKROOT = iphoneos;
				SWIFT_ACTIVE_COMPILATION_CONDITIONS = DEBUG;
				SWIFT_OPTIMIZATION_LEVEL = "-Onone";
			};
			name = Debug;
		};
		2256077F265D5E78008D47F5 /* Release */ = {
			isa = XCBuildConfiguration;
			buildSettings = {
				ALWAYS_SEARCH_USER_PATHS = NO;
				CLANG_ANALYZER_NONNULL = YES;
				CLANG_ANALYZER_NUMBER_OBJECT_CONVERSION = YES_AGGRESSIVE;
				CLANG_CXX_LANGUAGE_STANDARD = "gnu++14";
				CLANG_CXX_LIBRARY = "libc++";
				CLANG_ENABLE_MODULES = YES;
				CLANG_ENABLE_OBJC_ARC = YES;
				CLANG_ENABLE_OBJC_WEAK = YES;
				CLANG_WARN_BLOCK_CAPTURE_AUTORELEASING = YES;
				CLANG_WARN_BOOL_CONVERSION = YES;
				CLANG_WARN_COMMA = YES;
				CLANG_WARN_CONSTANT_CONVERSION = YES;
				CLANG_WARN_DEPRECATED_OBJC_IMPLEMENTATIONS = YES;
				CLANG_WARN_DIRECT_OBJC_ISA_USAGE = YES_ERROR;
				CLANG_WARN_DOCUMENTATION_COMMENTS = YES;
				CLANG_WARN_EMPTY_BODY = YES;
				CLANG_WARN_ENUM_CONVERSION = YES;
				CLANG_WARN_INFINITE_RECURSION = YES;
				CLANG_WARN_INT_CONVERSION = YES;
				CLANG_WARN_NON_LITERAL_NULL_CONVERSION = YES;
				CLANG_WARN_OBJC_IMPLICIT_RETAIN_SELF = YES;
				CLANG_WARN_OBJC_LITERAL_CONVERSION = YES;
				CLANG_WARN_OBJC_ROOT_CLASS = YES_ERROR;
				CLANG_WARN_QUOTED_INCLUDE_IN_FRAMEWORK_HEADER = YES;
				CLANG_WARN_RANGE_LOOP_ANALYSIS = YES;
				CLANG_WARN_STRICT_PROTOTYPES = YES;
				CLANG_WARN_SUSPICIOUS_MOVE = YES;
				CLANG_WARN_UNGUARDED_AVAILABILITY = YES_AGGRESSIVE;
				CLANG_WARN_UNREACHABLE_CODE = YES;
				CLANG_WARN__DUPLICATE_METHOD_MATCH = YES;
				COPY_PHASE_STRIP = NO;
				DEBUG_INFORMATION_FORMAT = "dwarf-with-dsym";
				ENABLE_NS_ASSERTIONS = NO;
				ENABLE_STRICT_OBJC_MSGSEND = YES;
				GCC_C_LANGUAGE_STANDARD = gnu11;
				GCC_NO_COMMON_BLOCKS = YES;
				GCC_WARN_64_TO_32_BIT_CONVERSION = YES;
				GCC_WARN_ABOUT_RETURN_TYPE = YES_ERROR;
				GCC_WARN_UNDECLARED_SELECTOR = YES;
				GCC_WARN_UNINITIALIZED_AUTOS = YES_AGGRESSIVE;
				GCC_WARN_UNUSED_FUNCTION = YES;
				GCC_WARN_UNUSED_VARIABLE = YES;
				IPHONEOS_DEPLOYMENT_TARGET = 13.0;
				MTL_ENABLE_DEBUG_INFO = NO;
				MTL_FAST_MATH = YES;
				OTHER_LDFLAGS = (
					"\"-Xlinker -interposable\"",
				);
				PRODUCT_NAME = CryptoApp;
				SDKROOT = iphoneos;
				SWIFT_COMPILATION_MODE = wholemodule;
				SWIFT_OPTIMIZATION_LEVEL = "-O";
				VALIDATE_PRODUCT = YES;
			};
			name = Release;
		};
		22560781265D5E78008D47F5 /* Debug */ = {
			isa = XCBuildConfiguration;
			buildSettings = {
				ASSETCATALOG_COMPILER_APPICON_NAME = AppIcon;
				ASSETCATALOG_COMPILER_GLOBAL_ACCENT_COLOR_NAME = AccentColor;
				CODE_SIGN_STYLE = Automatic;
				DEVELOPMENT_TEAM = HJ9678T652;
				ENABLE_PREVIEWS = YES;
				INFOPLIST_FILE = CryptoApp/Info.plist;
				IPHONEOS_DEPLOYMENT_TARGET = 15.0;
				LD_RUNPATH_SEARCH_PATHS = (
					"$(inherited)",
					"@executable_path/Frameworks",
				);
				PRODUCT_BUNDLE_IDENTIFIER = moe.mkpwnz.CryptoApp;
				PRODUCT_NAME = "$(TARGET_NAME) ";
				SWIFT_VERSION = 5.0;
				TARGETED_DEVICE_FAMILY = "1,2";
			};
			name = Debug;
		};
		22560782265D5E78008D47F5 /* Release */ = {
			isa = XCBuildConfiguration;
			buildSettings = {
				ASSETCATALOG_COMPILER_APPICON_NAME = AppIcon;
				ASSETCATALOG_COMPILER_GLOBAL_ACCENT_COLOR_NAME = AccentColor;
				CODE_SIGN_STYLE = Automatic;
				DEVELOPMENT_TEAM = HJ9678T652;
				ENABLE_PREVIEWS = YES;
				INFOPLIST_FILE = CryptoApp/Info.plist;
				IPHONEOS_DEPLOYMENT_TARGET = 15.0;
				LD_RUNPATH_SEARCH_PATHS = (
					"$(inherited)",
					"@executable_path/Frameworks",
				);
				PRODUCT_BUNDLE_IDENTIFIER = moe.mkpwnz.CryptoApp;
				PRODUCT_NAME = "$(TARGET_NAME) ";
				SWIFT_VERSION = 5.0;
				TARGETED_DEVICE_FAMILY = "1,2";
			};
			name = Release;
		};
/* End XCBuildConfiguration section */

/* Begin XCConfigurationList section */
		2256076C265D5E77008D47F5 /* Build configuration list for PBXProject "CryptoApp" */ = {
			isa = XCConfigurationList;
			buildConfigurations = (
				2256077E265D5E78008D47F5 /* Debug */,
				2256077F265D5E78008D47F5 /* Release */,
			);
			defaultConfigurationIsVisible = 0;
			defaultConfigurationName = Release;
		};
		22560780265D5E78008D47F5 /* Build configuration list for PBXNativeTarget "CryptoApp" */ = {
			isa = XCConfigurationList;
			buildConfigurations = (
				22560781265D5E78008D47F5 /* Debug */,
				22560782265D5E78008D47F5 /* Release */,
			);
			defaultConfigurationIsVisible = 0;
			defaultConfigurationName = Release;
		};
/* End XCConfigurationList section */

/* Begin XCVersionGroup section */
		2242EE0226765D7200003011 /* PortfolioContainer.xcdatamodeld */ = {
			isa = XCVersionGroup;
			children = (
				2242EE0326765D7200003011 /* PortfolioContainer.xcdatamodel */,
			);
			currentVersion = 2242EE0326765D7200003011 /* PortfolioContainer.xcdatamodel */;
			path = PortfolioContainer.xcdatamodeld;
			sourceTree = "<group>";
			versionGroupType = wrapper.xcdatamodel;
		};
/* End XCVersionGroup section */
	};
	rootObject = 22560769265D5E77008D47F5 /* Project object */;
}
